
Microsoft Visual Studio Solution File, Format Version 12.00
# Visual Studio Version 17
VisualStudioVersion = 17.11.35303.130
MinimumVisualStudioVersion = 10.0.40219.1
Project("{FAE04EC0-301F-11D3-BF4B-00C04F79EFBC}") = "DartApp", "DartApp\DartApp.csproj", "{19148BEC-78BF-44E2-8764-21058C54F4B1}"
EndProject
Global
	GlobalSection(SolutionConfigurationPlatforms) = preSolution
		Debug|Any CPU = Debug|Any CPU
		Release|Any CPU = Release|Any CPU
	EndGlobalSection
	GlobalSection(ProjectConfigurationPlatforms) = postSolution
		{19148BEC-78BF-44E2-8764-21058C54F4B1}.Debug|Any CPU.ActiveCfg = Debug|Any CPU
		{19148BEC-78BF-44E2-8764-21058C54F4B1}.Debug|Any CPU.Build.0 = Debug|Any CPU
		{19148BEC-78BF-44E2-8764-21058C54F4B1}.Release|Any CPU.ActiveCfg = Release|Any CPU
		{19148BEC-78BF-44E2-8764-21058C54F4B1}.Release|Any CPU.Build.0 = Release|Any CPU
	EndGlobalSection
	GlobalSection(SolutionProperties) = preSolution
		HideSolutionNode = FALSE
	EndGlobalSection
	GlobalSection(ExtensibilityGlobals) = postSolution
		SolutionGuid = {E8EE5E78-0583-4C33-80DC-1D015C69F07E}
	EndGlobalSection
EndGlobal
